
Microsoft Visual Studio Solution File, Format Version 12.00
# Visual Studio Version 16
VisualStudioVersion = 16.0.29326.143
MinimumVisualStudioVersion = 10.0.40219.1
Project("{2150E333-8FDC-42A3-9474-1A3956D46DE8}") = "src", "src", "{ABF745D7-F9BF-4CEE-8A12-DC03FAB68C9A}"
EndProject
Project("{2150E333-8FDC-42A3-9474-1A3956D46DE8}") = "test", "test", "{950BA3E7-4F83-4D34-B805-932683E66D11}"
EndProject
Project("{2150E333-8FDC-42A3-9474-1A3956D46DE8}") = "apps", "apps", "{80C7C3D7-CDC6-4013-918B-C37D3FEECD38}"
EndProject
Project("{2150E333-8FDC-42A3-9474-1A3956D46DE8}") = "Backoffice", "Backoffice", "{EA77673C-C96C-4C6A-AF13-D14EB5BBE779}"
EndProject
Project("{2150E333-8FDC-42A3-9474-1A3956D46DE8}") = "Mooc", "Mooc", "{1D936CB0-C909-4DCE-9D39-03673A6D9F33}"
EndProject
Project("{9A19103F-16F7-4668-BE54-9A1E7A4F7556}") = "Backend", "apps\Mooc\Backend\Backend.csproj", "{BB158930-72BF-4EDB-B756-B2ACF6525D51}"
EndProject
Project("{9A19103F-16F7-4668-BE54-9A1E7A4F7556}") = "Shared", "src\Shared\Shared.csproj", "{9F01009B-117A-4172-9D3C-2475820CA18C}"
EndProject
Project("{9A19103F-16F7-4668-BE54-9A1E7A4F7556}") = "Mooc", "src\Mooc\Mooc.csproj", "{DBF4A20A-73C4-4CBD-A6EB-0C9A8079A52A}"
EndProject
Project("{2150E333-8FDC-42A3-9474-1A3956D46DE8}") = "src", "src", "{73884FEF-DAD3-43E0-AA56-8B75AF6E6568}"
EndProject
Project("{2150E333-8FDC-42A3-9474-1A3956D46DE8}") = "apps", "apps", "{69472605-F119-4A17-8D5E-E2F9D7C9FEB0}"
EndProject
Project("{9A19103F-16F7-4668-BE54-9A1E7A4F7556}") = "Shared", "test\src\Shared\Shared.csproj", "{D7BF9671-0397-42F7-AE02-ADAA013B89AD}"
EndProject
Project("{9A19103F-16F7-4668-BE54-9A1E7A4F7556}") = "Mooc", "test\apps\Mooc\Mooc.csproj", "{FFB9FECE-2CB4-4795-8A9C-3DF1A45B4C01}"
EndProject
Project("{FAE04EC0-301F-11D3-BF4B-00C04F79EFBC}") = "Mooc", "test\src\Mooc\Mooc.csproj", "{2FC463F0-1E9E-454D-BA41-9B9AB506CA42}"
EndProject
Project("{FAE04EC0-301F-11D3-BF4B-00C04F79EFBC}") = "Retention", "src\Retention\Retention.csproj", "{40C09D11-C7B8-4CAE-B857-CE0E94482254}"
EndProject
Project("{FAE04EC0-301F-11D3-BF4B-00C04F79EFBC}") = "Frontend", "apps\Backoffice\Frontend\Frontend.csproj", "{A0AC8A46-A162-4771-8983-CD8AE83F1B04}"
EndProject
Project("{FAE04EC0-301F-11D3-BF4B-00C04F79EFBC}") = "Backoffice", "src\Backoffice\Backoffice.csproj", "{8E379E5B-1D79-470F-9ACA-51A159ABC9E4}"
EndProject
Project("{FAE04EC0-301F-11D3-BF4B-00C04F79EFBC}") = "Backend", "apps\Backoffice\Backend\Backend.csproj", "{8E36A0E1-97AA-498A-961A-FDCBE6B64A0E}"
EndProject
Project("{FAE04EC0-301F-11D3-BF4B-00C04F79EFBC}") = "Backoffice", "test\src\Backoffice\Backoffice.csproj", "{C32371FC-C56B-418D-854E-3B90C2C725E1}"
EndProject
Global
	GlobalSection(SolutionConfigurationPlatforms) = preSolution
		Debug|Any CPU = Debug|Any CPU
		Release|Any CPU = Release|Any CPU
	EndGlobalSection
	GlobalSection(ProjectConfigurationPlatforms) = postSolution
		{BB158930-72BF-4EDB-B756-B2ACF6525D51}.Debug|Any CPU.ActiveCfg = Debug|Any CPU
		{BB158930-72BF-4EDB-B756-B2ACF6525D51}.Debug|Any CPU.Build.0 = Debug|Any CPU
		{BB158930-72BF-4EDB-B756-B2ACF6525D51}.Release|Any CPU.ActiveCfg = Release|Any CPU
		{BB158930-72BF-4EDB-B756-B2ACF6525D51}.Release|Any CPU.Build.0 = Release|Any CPU
		{9F01009B-117A-4172-9D3C-2475820CA18C}.Debug|Any CPU.ActiveCfg = Debug|Any CPU
		{9F01009B-117A-4172-9D3C-2475820CA18C}.Debug|Any CPU.Build.0 = Debug|Any CPU
		{9F01009B-117A-4172-9D3C-2475820CA18C}.Release|Any CPU.ActiveCfg = Release|Any CPU
		{9F01009B-117A-4172-9D3C-2475820CA18C}.Release|Any CPU.Build.0 = Release|Any CPU
		{DBF4A20A-73C4-4CBD-A6EB-0C9A8079A52A}.Debug|Any CPU.ActiveCfg = Debug|Any CPU
		{DBF4A20A-73C4-4CBD-A6EB-0C9A8079A52A}.Debug|Any CPU.Build.0 = Debug|Any CPU
		{DBF4A20A-73C4-4CBD-A6EB-0C9A8079A52A}.Release|Any CPU.ActiveCfg = Release|Any CPU
		{DBF4A20A-73C4-4CBD-A6EB-0C9A8079A52A}.Release|Any CPU.Build.0 = Release|Any CPU
		{D7BF9671-0397-42F7-AE02-ADAA013B89AD}.Debug|Any CPU.ActiveCfg = Debug|Any CPU
		{D7BF9671-0397-42F7-AE02-ADAA013B89AD}.Debug|Any CPU.Build.0 = Debug|Any CPU
		{D7BF9671-0397-42F7-AE02-ADAA013B89AD}.Release|Any CPU.ActiveCfg = Release|Any CPU
		{D7BF9671-0397-42F7-AE02-ADAA013B89AD}.Release|Any CPU.Build.0 = Release|Any CPU
		{FFB9FECE-2CB4-4795-8A9C-3DF1A45B4C01}.Debug|Any CPU.ActiveCfg = Debug|Any CPU
		{FFB9FECE-2CB4-4795-8A9C-3DF1A45B4C01}.Debug|Any CPU.Build.0 = Debug|Any CPU
		{FFB9FECE-2CB4-4795-8A9C-3DF1A45B4C01}.Release|Any CPU.ActiveCfg = Release|Any CPU
		{FFB9FECE-2CB4-4795-8A9C-3DF1A45B4C01}.Release|Any CPU.Build.0 = Release|Any CPU
		{2FC463F0-1E9E-454D-BA41-9B9AB506CA42}.Debug|Any CPU.ActiveCfg = Debug|Any CPU
		{2FC463F0-1E9E-454D-BA41-9B9AB506CA42}.Debug|Any CPU.Build.0 = Debug|Any CPU
		{2FC463F0-1E9E-454D-BA41-9B9AB506CA42}.Release|Any CPU.ActiveCfg = Release|Any CPU
		{2FC463F0-1E9E-454D-BA41-9B9AB506CA42}.Release|Any CPU.Build.0 = Release|Any CPU
		{40C09D11-C7B8-4CAE-B857-CE0E94482254}.Debug|Any CPU.ActiveCfg = Debug|Any CPU
		{40C09D11-C7B8-4CAE-B857-CE0E94482254}.Debug|Any CPU.Build.0 = Debug|Any CPU
		{40C09D11-C7B8-4CAE-B857-CE0E94482254}.Release|Any CPU.ActiveCfg = Release|Any CPU
		{40C09D11-C7B8-4CAE-B857-CE0E94482254}.Release|Any CPU.Build.0 = Release|Any CPU
		{A0AC8A46-A162-4771-8983-CD8AE83F1B04}.Debug|Any CPU.ActiveCfg = Debug|Any CPU
		{A0AC8A46-A162-4771-8983-CD8AE83F1B04}.Debug|Any CPU.Build.0 = Debug|Any CPU
		{A0AC8A46-A162-4771-8983-CD8AE83F1B04}.Release|Any CPU.ActiveCfg = Release|Any CPU
		{A0AC8A46-A162-4771-8983-CD8AE83F1B04}.Release|Any CPU.Build.0 = Release|Any CPU
		{8E379E5B-1D79-470F-9ACA-51A159ABC9E4}.Debug|Any CPU.ActiveCfg = Debug|Any CPU
		{8E379E5B-1D79-470F-9ACA-51A159ABC9E4}.Debug|Any CPU.Build.0 = Debug|Any CPU
		{8E379E5B-1D79-470F-9ACA-51A159ABC9E4}.Release|Any CPU.ActiveCfg = Release|Any CPU
		{8E379E5B-1D79-470F-9ACA-51A159ABC9E4}.Release|Any CPU.Build.0 = Release|Any CPU
		{8E36A0E1-97AA-498A-961A-FDCBE6B64A0E}.Debug|Any CPU.ActiveCfg = Debug|Any CPU
		{8E36A0E1-97AA-498A-961A-FDCBE6B64A0E}.Debug|Any CPU.Build.0 = Debug|Any CPU
		{8E36A0E1-97AA-498A-961A-FDCBE6B64A0E}.Release|Any CPU.ActiveCfg = Release|Any CPU
		{8E36A0E1-97AA-498A-961A-FDCBE6B64A0E}.Release|Any CPU.Build.0 = Release|Any CPU
		{C32371FC-C56B-418D-854E-3B90C2C725E1}.Debug|Any CPU.ActiveCfg = Debug|Any CPU
		{C32371FC-C56B-418D-854E-3B90C2C725E1}.Debug|Any CPU.Build.0 = Debug|Any CPU
		{C32371FC-C56B-418D-854E-3B90C2C725E1}.Release|Any CPU.ActiveCfg = Release|Any CPU
		{C32371FC-C56B-418D-854E-3B90C2C725E1}.Release|Any CPU.Build.0 = Release|Any CPU
	EndGlobalSection
	GlobalSection(SolutionProperties) = preSolution
		HideSolutionNode = FALSE
	EndGlobalSection
	GlobalSection(NestedProjects) = preSolution
		{EA77673C-C96C-4C6A-AF13-D14EB5BBE779} = {80C7C3D7-CDC6-4013-918B-C37D3FEECD38}
		{1D936CB0-C909-4DCE-9D39-03673A6D9F33} = {80C7C3D7-CDC6-4013-918B-C37D3FEECD38}
		{BB158930-72BF-4EDB-B756-B2ACF6525D51} = {1D936CB0-C909-4DCE-9D39-03673A6D9F33}
		{9F01009B-117A-4172-9D3C-2475820CA18C} = {ABF745D7-F9BF-4CEE-8A12-DC03FAB68C9A}
		{DBF4A20A-73C4-4CBD-A6EB-0C9A8079A52A} = {ABF745D7-F9BF-4CEE-8A12-DC03FAB68C9A}
		{73884FEF-DAD3-43E0-AA56-8B75AF6E6568} = {950BA3E7-4F83-4D34-B805-932683E66D11}
		{69472605-F119-4A17-8D5E-E2F9D7C9FEB0} = {950BA3E7-4F83-4D34-B805-932683E66D11}
		{D7BF9671-0397-42F7-AE02-ADAA013B89AD} = {73884FEF-DAD3-43E0-AA56-8B75AF6E6568}
		{FFB9FECE-2CB4-4795-8A9C-3DF1A45B4C01} = {69472605-F119-4A17-8D5E-E2F9D7C9FEB0}
		{2FC463F0-1E9E-454D-BA41-9B9AB506CA42} = {73884FEF-DAD3-43E0-AA56-8B75AF6E6568}
		{40C09D11-C7B8-4CAE-B857-CE0E94482254} = {ABF745D7-F9BF-4CEE-8A12-DC03FAB68C9A}
		{A0AC8A46-A162-4771-8983-CD8AE83F1B04} = {EA77673C-C96C-4C6A-AF13-D14EB5BBE779}
		{8E379E5B-1D79-470F-9ACA-51A159ABC9E4} = {ABF745D7-F9BF-4CEE-8A12-DC03FAB68C9A}
		{8E36A0E1-97AA-498A-961A-FDCBE6B64A0E} = {EA77673C-C96C-4C6A-AF13-D14EB5BBE779}
		{C32371FC-C56B-418D-854E-3B90C2C725E1} = {73884FEF-DAD3-43E0-AA56-8B75AF6E6568}
	EndGlobalSection
	GlobalSection(ExtensibilityGlobals) = postSolution
		SolutionGuid = {B97A4396-5C75-4848-848F-949B7BE081E2}
	EndGlobalSection
EndGlobal
